github.com/cenkalti/backoff/v3 v3.1.1 h1:UBHElAnr3ODEbpqPzX8g5sBcASjoLFtt3L/xwJ01L6E=
github.com/cenkalti/backoff/v3 v3.1.1/go.mod h1:cIeZDE3IrqwwJl6VUwCN6trj1oXrTS4rc0ij+ULvLYs=
github.com/confluentinc/confluent-kafka-go v1.1.0/go.mod h1:u2zNLny2xq+5rWeTQjFHbDzzNuba4P1vo31r9r4uAdg=
github.com/confluentinc/confluent-kafka-go v1.7.0 h1:tXh3LWb2Ne0WiU3ng4h5qiGA9XV61rz46w60O+cq8bM=
github.com/confluentinc/confluent-kafka-go v1.7.0/go.mod h1:u2zNLny2xq+5rWeTQjFHbDzzNuba4P1vo31r9r4uAdg=
github.com/davecgh/go-spew v1.1.0/go.mod h1:J7Y8YcW2NihsgmVo/mv3lAwl/skON4iLHjSsI+c5H38=
github.com/davecgh/go-spew v1.1.1/go.mod h1:J7Y8YcW2NihsgmVo/mv3lAwl/skON4iLHjSsI+c5H38=
github.com/fatih/structs v1.1.0 h1:Q7juDM0QtcnhCpeyLGQKyg4TOIghuNXrkL32pHAUMxo=
github.com/fatih/structs v1.1.0/go.mod h1:9NiDSp5zOcgEDl+j00MP/WkGVPOlPRLejGD8Ga6PJ7M=
github.com/golang/snappy v0.0.0-20180518054509-2e65f85255db/go.mod h1:/XxbfmMg8lxefKM7IXC3fBNl/7bRcc72aCRzEWrmP2Q=
github.com/golang/snappy v0.0.1 h1:Qgr9rKW7uDUkrbSmQeiDsGa8SjGyCOGtuasMWwvp2P4=
github.com/golang/snappy v0.0.1/go.mod h1:/XxbfmMg8lxefKM7IXC3fBNl/7bRcc72aCRzEWrmP2Q=
github.com/landoop/schema-registry v0.0.0-20190327143759-50a5701c1891 h1:FADDInPE0OtV85SKuJAGwcTiXwzyg2ztBqtUWA5EF04=
github.com/landoop/schema-registry v0.0.0-20190327143759-50a5701c1891/go.mod h1:yITyTTMx2IS5mpfZjQ64gJhL5U5RvcorFBu+z4/euXg=
github.com/linkedin/goavro v0.0.0-20181018120728-1beee2a74088 h1:T+kPxsfvkFtz7x6ysgOYjki7khHjowQW6DD1rcpOS0Q=
github.com/linkedin/goavro v0.0.0-20181018120728-1beee2a74088/go.mod h1:vL3ODoWTPCBSeKVFgQ+lvSq0VOzTB5TcXvUX+4pU/+Q=
github.com/mycujoo/go-kafka-avro v1.2.1 h1:peLvf1JzIouF3L7y2a6Q8QCz3fjA0zhk8dvinDLj3mQ=
github.com/mycujoo/go-kafka-avro v1.2.1/go.mod h1:XQ282Xd75hUOTwNpDCELRqzLwWKGJf9kQCsrva5PIdI=
github.com/pkg/errors v0.8.1 h1:iURUrRGxPUNPdy5/HRSm+Yj6okJ6UtLINN0Q9M4+h3I=
github.com/pkg/errors v0.8.1/go.mod h1:bwawxfHBFNV+L2hUp1rHADufV3IMtnDRdf1r5NINEl0=
github.com/pmezard/go-difflib v1.0.0/go.mod h1:iKH77koFhYxTK1pcRnkKkqfTogsbg7gZNVY4sRDYZ/4=
github.com/stretchr/objx v0.1.0/go.mod h1:HFkY916IF+rwdDfMAkV7OtwuqBVzrE8GR6GFx+wExME=
github.com/stretchr/testify v1.3.0/go.mod h1:M5WIy9Dh21IEIfnGCwXGc5bZfKNJtfHm1UVUgZn+9EI=
gopkg.in/guregu/null.v3 v3.4.0 h1:AOpMtZ85uElRhQjEDsFx21BkXqFPwA7uoJukd4KErIs=
gopkg.in/guregu/null.v3 v3.4.0/go.mod h1:E4tX2Qe3h7QdL+uZ3a0vqvYwKQsRSQKM5V4YltdgH9Y=
gopkg.in/linkedin/goavro.v1 v1.0.5/go.mod h1:Aw5GdAbizjOEl0kAMHV9iHmA8reZzW/OKuJAl4Hb9F0=
